// !$*UTF8*$!
{
	archiveVersion = 1;
	classes = {
	};
	objectVersion = 46;
	objects = {

/* Begin PBXBuildFile section */
		48A6BEFB1C869D24005F0BDA /* AppDelegate.swift in Sources */ = {isa = PBXBuildFile; fileRef = 48A6BEFA1C869D24005F0BDA /* AppDelegate.swift */; };
		48A6BEFD1C869D24005F0BDA /* ViewController.swift in Sources */ = {isa = PBXBuildFile; fileRef = 48A6BEFC1C869D24005F0BDA /* ViewController.swift */; };
		48A6BF001C869D24005F0BDA /* Main.storyboard in Resources */ = {isa = PBXBuildFile; fileRef = 48A6BEFE1C869D24005F0BDA /* Main.storyboard */; };
		48A6BF021C869D24005F0BDA /* Assets.xcassets in Resources */ = {isa = PBXBuildFile; fileRef = 48A6BF011C869D24005F0BDA /* Assets.xcassets */; };
		48A6BF051C869D24005F0BDA /* LaunchScreen.storyboard in Resources */ = {isa = PBXBuildFile; fileRef = 48A6BF031C869D24005F0BDA /* LaunchScreen.storyboard */; };
		48A6BF0F1C86A7C0005F0BDA /* LaunchImage-long.png in Resources */ = {isa = PBXBuildFile; fileRef = 48A6BF0D1C86A7C0005F0BDA /* LaunchImage-long.png */; };
/* End PBXBuildFile section */

/* Begin PBXFileReference section */
		48A6BEF71C869D24005F0BDA /* Uber Bugatti.app */ = {isa = PBXFileReference; explicitFileType = wrapper.application; includeInIndex = 0; path = "Uber Bugatti.app"; sourceTree = BUILT_PRODUCTS_DIR; };
		48A6BEFA1C869D24005F0BDA /* AppDelegate.swift */ = {isa = PBXFileReference; lastKnownFileType = sourcecode.swift; path = AppDelegate.swift; sourceTree = "<group>"; };
		48A6BEFC1C869D24005F0BDA /* ViewController.swift */ = {isa = PBXFileReference; lastKnownFileType = sourcecode.swift; path = ViewController.swift; sourceTree = "<group>"; };
		48A6BEFF1C869D24005F0BDA /* Base */ = {isa = PBXFileReference; lastKnownFileType = file.storyboard; name = Base; path = Base.lproj/Main.storyboard; sourceTree = "<group>"; };
		48A6BF011C869D24005F0BDA /* Assets.xcassets */ = {isa = PBXFileReference; lastKnownFileType = folder.assetcatalog; path = Assets.xcassets; sourceTree = "<group>"; };
		48A6BF041C869D24005F0BDA /* Base */ = {isa = PBXFileReference; lastKnownFileType = file.storyboard; name = Base; path = Base.lproj/LaunchScreen.storyboard; sourceTree = "<group>"; };
		48A6BF061C869D24005F0BDA /* Info.plist */ = {isa = PBXFileReference; lastKnownFileType = text.plist.xml; path = Info.plist; sourceTree = "<group>"; };
		48A6BF0D1C86A7C0005F0BDA /* LaunchImage-long.png */ = {isa = PBXFileReference; lastKnownFileType = image.png; path = "LaunchImage-long.png"; sourceTree = "<group>"; };
/* End PBXFileReference section */

/* Begin PBXFrameworksBuildPhase section */
		48A6BEF41C869D24005F0BDA /* Frameworks */ = {
			isa = PBXFrameworksBuildPhase;
			buildActionMask = 2147483647;
			files = (
			);
			runOnlyForDeploymentPostprocessing = 0;
		};
/* End PBXFrameworksBuildPhase section */

/* Begin PBXGroup section */
		48A6BEEE1C869D24005F0BDA = {
			isa = PBXGroup;
			children = (
				48A6BEF91C869D24005F0BDA /* Uber Bugatti */,
				48A6BEF81C869D24005F0BDA /* Products */,
			);
			sourceTree = "<group>";
		};
		48A6BEF81C869D24005F0BDA /* Products */ = {
			isa = PBXGroup;
			children = (
				48A6BEF71C869D24005F0BDA /* Uber Bugatti.app */,
			);
			name = Products;
			sourceTree = "<group>";
		};
		48A6BEF91C869D24005F0BDA /* Uber Bugatti */ = {
			isa = PBXGroup;
			children = (
				48A6BEFA1C869D24005F0BDA /* AppDelegate.swift */,
				48A6BEFC1C869D24005F0BDA /* ViewController.swift */,
				48A6BEFE1C869D24005F0BDA /* Main.storyboard */,
				48A6BF0D1C86A7C0005F0BDA /* LaunchImage-long.png */,
				48A6BF011C869D24005F0BDA /* Assets.xcassets */,
				48A6BF031C869D24005F0BDA /* LaunchScreen.storyboard */,
				48A6BF061C869D24005F0BDA /* Info.plist */,
			);
			path = "Uber Bugatti";
			sourceTree = "<group>";
		};
/* End PBXGroup section */

/* Begin PBXNativeTarget section */
		48A6BEF61C869D24005F0BDA /* Uber Bugatti */ = {
			isa = PBXNativeTarget;
			buildConfigurationList = 48A6BF091C869D24005F0BDA /* Build configuration list for PBXNativeTarget "Uber Bugatti" */;
			buildPhases = (
				48A6BEF31C869D24005F0BDA /* Sources */,
				48A6BEF41C869D24005F0BDA /* Frameworks */,
				48A6BEF51C869D24005F0BDA /* Resources */,
			);
			buildRules = (
			);
			dependencies = (
			);
			name = "Uber Bugatti";
			productName = "Uber Bugatti";
			productReference = 48A6BEF71C869D24005F0BDA /* Uber Bugatti.app */;
			productType = "com.apple.product-type.application";
		};
/* End PBXNativeTarget section */

/* Begin PBXProject section */
		48A6BEEF1C869D24005F0BDA /* Project object */ = {
			isa = PBXProject;
			attributes = {
				LastSwiftUpdateCheck = 0720;
				LastUpgradeCheck = 0720;
				ORGANIZATIONNAME = "Joshua Bell";
				TargetAttributes = {
					48A6BEF61C869D24005F0BDA = {
						CreatedOnToolsVersion = 7.2.1;
						DevelopmentTeam = 99W56MYH4P;
					};
				};
			};
			buildConfigurationList = 48A6BEF21C869D24005F0BDA /* Build configuration list for PBXProject "Uber Bugatti" */;
			compatibilityVersion = "Xcode 3.2";
			developmentRegion = English;
			hasScannedForEncodings = 0;
			knownRegions = (
				en,
				Base,
			);
			mainGroup = 48A6BEEE1C869D24005F0BDA;
			productRefGroup = 48A6BEF81C869D24005F0BDA /* Products */;
			projectDirPath = "";
			projectRoot = "";
			targets = (
				48A6BEF61C869D24005F0BDA /* Uber Bugatti */,
			);
		};
/* End PBXProject section */

/* Begin PBXResourcesBuildPhase section */
		48A6BEF51C869D24005F0BDA /* Resources */ = {
			isa = PBXResourcesBuildPhase;
			buildActionMask = 2147483647;
			files = (
				48A6BF051C869D24005F0BDA /* LaunchScreen.storyboard in Resources */,
				48A6BF021C869D24005F0BDA /* Assets.xcassets in Resources */,
				48A6BF0F1C86A7C0005F0BDA /* LaunchImage-long.png in Resources */,
				48A6BF001C869D24005F0BDA /* Main.storyboard in Resources */,
			);
			runOnlyForDeploymentPostprocessing = 0;
		};
/* End PBXResourcesBuildPhase section */

/* Begin PBXSourcesBuildPhase section */
		48A6BEF31C869D24005F0BDA /* Sources */ = {
			isa = PBXSourcesBuildPhase;
			buildActionMask = 2147483647;
			files = (
				48A6BEFD1C869D24005F0BDA /* ViewController.swift in Sources */,
				48A6BEFB1C869D24005F0BDA /* AppDelegate.swift in Sources */,
			);
			runOnlyForDeploymentPostprocessing = 0;
		};
/* End PBXSourcesBuildPhase section */

/* Begin PBXVariantGroup section */
		48A6BEFE1C869D24005F0BDA /* Main.storyboard */ = {
			isa = PBXVariantGroup;
			children = (
				48A6BEFF1C869D24005F0BDA /* Base */,
			);
			name = Main.storyboard;
			sourceTree = "<group>";
		};
		48A6BF031C869D24005F0BDA /* LaunchScreen.storyboard */ = {
			isa = PBXVariantGroup;
			children = (
				48A6BF041C869D24005F0BDA /* Base */,
			);
			name = LaunchScreen.storyboard;
			sourceTree = "<group>";
		};
/* End PBXVariantGroup section */

/* Begin XCBuildConfiguration section */
		48A6BF071C869D24005F0BDA /* Debug */ = {
			isa = XCBuildConfiguration;
			buildSettings = {
				ALWAYS_SEARCH_USER_PATHS = NO;
				CLANG_CXX_LANGUAGE_STANDARD = "gnu++0x";
				CLANG_CXX_LIBRARY = "libc++";
				CLANG_ENABLE_MODULES = YES;
				CLANG_ENABLE_OBJC_ARC = YES;
				CLANG_WARN_BOOL_CONVERSION = YES;
				CLANG_WARN_CONSTANT_CONVERSION = YES;
				CLANG_WARN_DIRECT_OBJC_ISA_USAGE = YES_ERROR;
				CLANG_WARN_EMPTY_BODY = YES;
				CLANG_WARN_ENUM_CONVERSION = YES;
				CLANG_WARN_INT_CONVERSION = YES;
				CLANG_WARN_OBJC_ROOT_CLASS = YES_ERROR;
				CLANG_WARN_UNREACHABLE_CODE = YES;
				CLANG_WARN__DUPLICATE_METHOD_MATCH = YES;
				"CODE_SIGN_IDENTITY[sdk=iphoneos*]" = "iPhone Developer";
				COPY_PHASE_STRIP = NO;
				DEBUG_INFORMATION_FORMAT = dwarf;
				ENABLE_STRICT_OBJC_MSGSEND = YES;
				ENABLE_TESTABILITY = YES;
				GCC_C_LANGUAGE_STANDARD = gnu99;
				GCC_DYNAMIC_NO_PIC = NO;
				GCC_NO_COMMON_BLOCKS = YES;
				GCC_OPTIMIZATION_LEVEL = 0;
				GCC_PREPROCESSOR_DEFINITIONS = (
					"DEBUG=1",
					"$(inherited)",
				);
				GCC_WARN_64_TO_32_BIT_CONVERSION = YES;
				GCC_WARN_ABOUT_RETURN_TYPE = YES_ERROR;
				GCC_WARN_UNDECLARED_SELECTOR = YES;
				GCC_WARN_UNINITIALIZED_AUTOS = YES_AGGRESSIVE;
				GCC_WARN_UNUSED_FUNCTION = YES;
				GCC_WARN_UNUSED_VARIABLE = YES;
				IPHONEOS_DEPLOYMENT_TARGET = 9.2;
				MTL_ENABLE_DEBUG_INFO = YES;
				ONLY_ACTIVE_ARCH = YES;
				SDKROOT = iphoneos;
				SWIFT_OPTIMIZATION_LEVEL = "-Onone";
				TARGETED_DEVICE_FAMILY = "1,2";
			};
			name = Debug;
		};
		48A6BF081C869D24005F0BDA /* Release */ = {
			isa = XCBuildConfiguration;
			buildSettings = {
				ALWAYS_SEARCH_USER_PATHS = NO;
				CLANG_CXX_LANGUAGE_STANDARD = "gnu++0x";
				CLANG_CXX_LIBRARY = "libc++";
				CLANG_ENABLE_MODULES = YES;
				CLANG_ENABLE_OBJC_ARC = YES;
				CLANG_WARN_BOOL_CONVERSION = YES;
				CLANG_WARN_CONSTANT_CONVERSION = YES;
				CLANG_WARN_DIRECT_OBJC_ISA_USAGE = YES_ERROR;
				CLANG_WARN_EMPTY_BODY = YES;
				CLANG_WARN_ENUM_CONVERSION = YES;
				CLANG_WARN_INT_CONVERSION = YES;
				CLANG_WARN_OBJC_ROOT_CLASS = YES_ERROR;
				CLANG_WARN_UNREACHABLE_CODE = YES;
				CLANG_WARN__DUPLICATE_METHOD_MATCH = YES;
				"CODE_SIGN_IDENTITY[sdk=iphoneos*]" = "iPhone Developer";
				COPY_PHASE_STRIP = NO;
				DEBUG_INFORMATION_FORMAT = "dwarf-with-dsym";
				ENABLE_NS_ASSERTIONS = NO;
				ENABLE_STRICT_OBJC_MSGSEND = YES;
				GCC_C_LANGUAGE_STANDARD = gnu99;
				GCC_NO_COMMON_BLOCKS = YES;
				GCC_WARN_64_TO_32_BIT_CONVERSION = YES;
				GCC_WARN_ABOUT_RETURN_TYPE = YES_ERROR;
				GCC_WARN_UNDECLARED_SELECTOR = YES;
				GCC_WARN_UNINITIALIZED_AUTOS = YES_AGGRESSIVE;
				GCC_WARN_UNUSED_FUNCTION = YES;
				GCC_WARN_UNUSED_VARIABLE = YES;
				IPHONEOS_DEPLOYMENT_TARGET = 9.2;
				MTL_ENABLE_DEBUG_INFO = NO;
				SDKROOT = iphoneos;
				TARGETED_DEVICE_FAMILY = "1,2";
				VALIDATE_PRODUCT = YES;
			};
			name = Release;
		};
		48A6BF0A1C869D24005F0BDA /* Debug */ = {
			isa = XCBuildConfiguration;
			buildSettings = {
				ASSETCATALOG_COMPILER_APPICON_NAME = AppIcon;
				CODE_SIGN_IDENTITY = "iPhone Developer";
				INFOPLIST_FILE = "Uber Bugatti/Info.plist";
				IPHONEOS_DEPLOYMENT_TARGET = 9.2;
				LD_RUNPATH_SEARCH_PATHS = "$(inherited) @executable_path/Frameworks";
				PRODUCT_BUNDLE_IDENTIFIER = "com.joshuabell.Uber-Bugatti";
				PRODUCT_NAME = "$(TARGET_NAME)";
			};
			name = Debug;
		};
		48A6BF0B1C869D24005F0BDA /* Release */ = {
			isa = XCBuildConfiguration;
			buildSettings = {
				ASSETCATALOG_COMPILER_APPICON_NAME = AppIcon;
				CODE_SIGN_IDENTITY = "iPhone Developer";
				INFOPLIST_FILE = "Uber Bugatti/Info.plist";
				IPHONEOS_DEPLOYMENT_TARGET = 9.2;
				LD_RUNPATH_SEARCH_PATHS = "$(inherited) @executable_path/Frameworks";
				PRODUCT_BUNDLE_IDENTIFIER = "com.joshuabell.Uber-Bugatti";
				PRODUCT_NAME = "$(TARGET_NAME)";
			};
			name = Release;
		};
/* End XCBuildConfiguration section */

/* Begin XCConfigurationList section */
		48A6BEF21C869D24005F0BDA /* Build configuration list for PBXProject "Uber Bugatti" */ = {
			isa = XCConfigurationList;
			buildConfigurations = (
				48A6BF071C869D24005F0BDA /* Debug */,
				48A6BF081C869D24005F0BDA /* Release */,
			);
			defaultConfigurationIsVisible = 0;
			defaultConfigurationName = Release;
		};
		48A6BF091C869D24005F0BDA /* Build configuration list for PBXNativeTarget "Uber Bugatti" */ = {
			isa = XCConfigurationList;
			buildConfigurations = (
				48A6BF0A1C869D24005F0BDA /* Debug */,
				48A6BF0B1C869D24005F0BDA /* Release */,
			);
			defaultConfigurationIsVisible = 0;
			defaultConfigurationName = Release;
		};
/* End XCConfigurationList section */
	};
	rootObject = 48A6BEEF1C869D24005F0BDA /* Project object */;
}
